
Microsoft Visual Studio Solution File, Format Version 12.00
# Visual Studio Version 17
VisualStudioVersion = 17.5.002.0
MinimumVisualStudioVersion = 10.0.40219.1
Project("{9A19103F-16F7-4668-BE54-9A1E7A4F7556}") = "session2", "session2\session2.csproj", "{3AF4222D-D32D-491F-AF70-DCA7258E91F3}"
EndProject
Project("{FAE04EC0-301F-11D3-BF4B-00C04F79EFBC}") = "session3", "session3\session3.csproj", "{F4F2343B-837B-4AB4-ABFA-D0F50DBF8157}"
EndProject
Project("{FAE04EC0-301F-11D3-BF4B-00C04F79EFBC}") = "btvn_buoi2", "btvn_buoi2\btvn_buoi2.csproj", "{5DD757B4-A1CE-46A3-8BF5-94B5E0F929A1}"
EndProject
Global
	GlobalSection(SolutionConfigurationPlatforms) = preSolution
		Debug|Any CPU = Debug|Any CPU
		Release|Any CPU = Release|Any CPU
	EndGlobalSection
	GlobalSection(ProjectConfigurationPlatforms) = postSolution
		{3AF4222D-D32D-491F-AF70-DCA7258E91F3}.Debug|Any CPU.ActiveCfg = Debug|Any CPU
		{3AF4222D-D32D-491F-AF70-DCA7258E91F3}.Debug|Any CPU.Build.0 = Debug|Any CPU
		{3AF4222D-D32D-491F-AF70-DCA7258E91F3}.Release|Any CPU.ActiveCfg = Release|Any CPU
		{3AF4222D-D32D-491F-AF70-DCA7258E91F3}.Release|Any CPU.Build.0 = Release|Any CPU
		{F4F2343B-837B-4AB4-ABFA-D0F50DBF8157}.Debug|Any CPU.ActiveCfg = Debug|Any CPU
		{F4F2343B-837B-4AB4-ABFA-D0F50DBF8157}.Debug|Any CPU.Build.0 = Debug|Any CPU
		{F4F2343B-837B-4AB4-ABFA-D0F50DBF8157}.Release|Any CPU.ActiveCfg = Release|Any CPU
		{F4F2343B-837B-4AB4-ABFA-D0F50DBF8157}.Release|Any CPU.Build.0 = Release|Any CPU
		{5DD757B4-A1CE-46A3-8BF5-94B5E0F929A1}.Debug|Any CPU.ActiveCfg = Debug|Any CPU
		{5DD757B4-A1CE-46A3-8BF5-94B5E0F929A1}.Debug|Any CPU.Build.0 = Debug|Any CPU
		{5DD757B4-A1CE-46A3-8BF5-94B5E0F929A1}.Release|Any CPU.ActiveCfg = Release|Any CPU
		{5DD757B4-A1CE-46A3-8BF5-94B5E0F929A1}.Release|Any CPU.Build.0 = Release|Any CPU
	EndGlobalSection
	GlobalSection(SolutionProperties) = preSolution
		HideSolutionNode = FALSE
	EndGlobalSection
	GlobalSection(ExtensibilityGlobals) = postSolution
		SolutionGuid = {2BB95CED-AD35-46F6-A200-AA184FA884D1}
	EndGlobalSection
EndGlobal
